
Microsoft Visual Studio Solution File, Format Version 12.00
# Visual Studio 15
VisualStudioVersion = 15.0.28307.572
MinimumVisualStudioVersion = 10.0.40219.1
Project("{FAE04EC0-301F-11D3-BF4B-00C04F79EFBC}") = "CoreAdmin", "CoreAdmin\CoreAdmin.csproj", "{A9AA9D36-AB52-46B1-8B71-3B9AF9EC7625}"
EndProject
Project("{FAE04EC0-301F-11D3-BF4B-00C04F79EFBC}") = "CoreAdmin.FrameWork", "CoreAdmin.FrameWork\CoreAdmin.FrameWork.csproj", "{E21223EF-E05C-4BA1-8837-3E679B753A65}"
EndProject
Project("{FAE04EC0-301F-11D3-BF4B-00C04F79EFBC}") = "CoreAdmin.IRepository", "CoreAdmin.IRepository\CoreAdmin.IRepository.csproj", "{C0C40492-F303-400F-8665-EC73EF2EC04F}"
EndProject
Project("{FAE04EC0-301F-11D3-BF4B-00C04F79EFBC}") = "CoreAdmin.Repository", "CoreAdmin.Repository\CoreAdmin.Repository.csproj", "{C1B7007C-C9DB-445B-804D-0D89F4E7C36E}"
EndProject
Project("{FAE04EC0-301F-11D3-BF4B-00C04F79EFBC}") = "CoreAdmin.Model", "CoreAdmin.Model\CoreAdmin.Model.csproj", "{8237B210-BF5F-4C93-90F3-C11233E1524A}"
EndProject
Project("{FAE04EC0-301F-11D3-BF4B-00C04F79EFBC}") = "CoreAdmin.Common", "CoreAdmin.Common\CoreAdmin.Common.csproj", "{2179BF37-1E29-4062-9145-1144DA7F59B6}"
EndProject
Global
	GlobalSection(SolutionConfigurationPlatforms) = preSolution
		Debug|Any CPU = Debug|Any CPU
		Release|Any CPU = Release|Any CPU
	EndGlobalSection
	GlobalSection(ProjectConfigurationPlatforms) = postSolution
		{A9AA9D36-AB52-46B1-8B71-3B9AF9EC7625}.Debug|Any CPU.ActiveCfg = Debug|Any CPU
		{A9AA9D36-AB52-46B1-8B71-3B9AF9EC7625}.Debug|Any CPU.Build.0 = Debug|Any CPU
		{A9AA9D36-AB52-46B1-8B71-3B9AF9EC7625}.Release|Any CPU.ActiveCfg = Release|Any CPU
		{A9AA9D36-AB52-46B1-8B71-3B9AF9EC7625}.Release|Any CPU.Build.0 = Release|Any CPU
		{E21223EF-E05C-4BA1-8837-3E679B753A65}.Debug|Any CPU.ActiveCfg = Debug|Any CPU
		{E21223EF-E05C-4BA1-8837-3E679B753A65}.Debug|Any CPU.Build.0 = Debug|Any CPU
		{E21223EF-E05C-4BA1-8837-3E679B753A65}.Release|Any CPU.ActiveCfg = Release|Any CPU
		{E21223EF-E05C-4BA1-8837-3E679B753A65}.Release|Any CPU.Build.0 = Release|Any CPU
		{C0C40492-F303-400F-8665-EC73EF2EC04F}.Debug|Any CPU.ActiveCfg = Debug|Any CPU
		{C0C40492-F303-400F-8665-EC73EF2EC04F}.Debug|Any CPU.Build.0 = Debug|Any CPU
		{C0C40492-F303-400F-8665-EC73EF2EC04F}.Release|Any CPU.ActiveCfg = Release|Any CPU
		{C0C40492-F303-400F-8665-EC73EF2EC04F}.Release|Any CPU.Build.0 = Release|Any CPU
		{C1B7007C-C9DB-445B-804D-0D89F4E7C36E}.Debug|Any CPU.ActiveCfg = Debug|Any CPU
		{C1B7007C-C9DB-445B-804D-0D89F4E7C36E}.Debug|Any CPU.Build.0 = Debug|Any CPU
		{C1B7007C-C9DB-445B-804D-0D89F4E7C36E}.Release|Any CPU.ActiveCfg = Release|Any CPU
		{C1B7007C-C9DB-445B-804D-0D89F4E7C36E}.Release|Any CPU.Build.0 = Release|Any CPU
		{8237B210-BF5F-4C93-90F3-C11233E1524A}.Debug|Any CPU.ActiveCfg = Debug|Any CPU
		{8237B210-BF5F-4C93-90F3-C11233E1524A}.Debug|Any CPU.Build.0 = Debug|Any CPU
		{8237B210-BF5F-4C93-90F3-C11233E1524A}.Release|Any CPU.ActiveCfg = Release|Any CPU
		{8237B210-BF5F-4C93-90F3-C11233E1524A}.Release|Any CPU.Build.0 = Release|Any CPU
		{2179BF37-1E29-4062-9145-1144DA7F59B6}.Debug|Any CPU.ActiveCfg = Debug|Any CPU
		{2179BF37-1E29-4062-9145-1144DA7F59B6}.Debug|Any CPU.Build.0 = Debug|Any CPU
		{2179BF37-1E29-4062-9145-1144DA7F59B6}.Release|Any CPU.ActiveCfg = Release|Any CPU
		{2179BF37-1E29-4062-9145-1144DA7F59B6}.Release|Any CPU.Build.0 = Release|Any CPU
	EndGlobalSection
	GlobalSection(SolutionProperties) = preSolution
		HideSolutionNode = FALSE
	EndGlobalSection
	GlobalSection(ExtensibilityGlobals) = postSolution
		SolutionGuid = {8BDADEED-E5DA-4AF9-B26E-534D9C521708}
	EndGlobalSection
EndGlobal
